{
  "pins" : [
    {
      "identity" : "amplify-ios",
      "kind" : "remoteSourceControl",
      "location" : "https://github.com/aws-amplify/amplify-ios",
      "state" : {
        "branch" : "main",
        "revision" : "3ca5f97d17d5c0042523799688756d18ef0dae20"
      }
    },
    {
      "identity" : "aws-appsync-realtime-client-ios",
      "kind" : "remoteSourceControl",
      "location" : "https://github.com/aws-amplify/aws-appsync-realtime-client-ios.git",
      "state" : {
        "revision" : "3de274c68a3cb60c8aec18b5bc0a8c07860219cd",
        "version" : "3.0.0"
      }
    },
    {
      "identity" : "aws-sdk-ios-spm",
      "kind" : "remoteSourceControl",
      "location" : "https://github.com/aws-amplify/aws-sdk-ios-spm.git",
      "state" : {
        "revision" : "afe23a2a2f6cf78e6d8803d7c9e0c8e6f50b6915",
        "version" : "0.4.0"
      }
    },
    {
      "identity" : "aws-sdk-swift",
      "kind" : "remoteSourceControl",
      "location" : "https://github.com/awslabs/aws-sdk-swift.git",
      "state" : {
        "revision" : "c54c028cfc3ee70fde8c077547a1a1f6ef1137d9",
        "version" : "0.6.0"
      }
    },
    {
      "identity" : "kingfisher",
      "kind" : "remoteSourceControl",
      "location" : "https://github.com/onevcat/Kingfisher.git",
      "state" : {
        "revision" : "d06df9adf50ed8cde5786d935836a5f445f780ba",
        "version" : "6.3.1"
      }
    },
    {
      "identity" : "smithy-swift",
      "kind" : "remoteSourceControl",
      "location" : "https://github.com/awslabs/smithy-swift.git",
      "state" : {
        "revision" : "f59ed07c29d4e03f91ea8324edf7a2486bd86a9c",
        "version" : "0.6.0"
      }
    },
    {
      "identity" : "sqlite.swift",
      "kind" : "remoteSourceControl",
      "location" : "https://github.com/stephencelis/SQLite.swift.git",
      "state" : {
        "revision" : "5f5ad81ac0d0a0f3e56e39e646e8423c617df523",
        "version" : "0.13.2"
      }
    },
    {
      "identity" : "starscream",
      "kind" : "remoteSourceControl",
      "location" : "https://github.com/daltoniam/Starscream",
      "state" : {
        "revision" : "df8d82047f6654d8e4b655d1b1525c64e1059d21",
        "version" : "4.0.4"
      }
    }
  ],
  "version" : 2
}
